
Microsoft Visual Studio Solution File, Format Version 12.00
# Visual Studio Version 16
VisualStudioVersion = 16.0.30002.166
MinimumVisualStudioVersion = 10.0.40219.1
Project("{FAE04EC0-301F-11D3-BF4B-00C04F79EFBC}") = "XamarinApp1.Android", "XamarinApp1\XamarinApp1.Android\XamarinApp1.Android.csproj", "{5716C5D2-6551-4EB6-BCC4-8B9B9ED96DD2}"
EndProject
Project("{FAE04EC0-301F-11D3-BF4B-00C04F79EFBC}") = "XamarinApp1.iOS", "XamarinApp1\XamarinApp1.iOS\XamarinApp1.iOS.csproj", "{11F192E1-6914-4CCC-90B4-10D40D484C4A}"
EndProject
Project("{FAE04EC0-301F-11D3-BF4B-00C04F79EFBC}") = "XamarinApp1", "XamarinApp1\XamarinApp1\XamarinApp1.csproj", "{AEE5BF25-16AC-4A49-9C66-E394EE432AB7}"
EndProject
Global
	GlobalSection(SolutionConfigurationPlatforms) = preSolution
		Debug|Any CPU = Debug|Any CPU
		Debug|iPhone = Debug|iPhone
		Debug|iPhoneSimulator = Debug|iPhoneSimulator
		Release|Any CPU = Release|Any CPU
		Release|iPhone = Release|iPhone
		Release|iPhoneSimulator = Release|iPhoneSimulator
	EndGlobalSection
	GlobalSection(ProjectConfigurationPlatforms) = postSolution
		{5716C5D2-6551-4EB6-BCC4-8B9B9ED96DD2}.Debug|Any CPU.ActiveCfg = Debug|Any CPU
		{5716C5D2-6551-4EB6-BCC4-8B9B9ED96DD2}.Debug|Any CPU.Build.0 = Debug|Any CPU
		{5716C5D2-6551-4EB6-BCC4-8B9B9ED96DD2}.Debug|Any CPU.Deploy.0 = Debug|Any CPU
		{5716C5D2-6551-4EB6-BCC4-8B9B9ED96DD2}.Debug|iPhone.ActiveCfg = Debug|Any CPU
		{5716C5D2-6551-4EB6-BCC4-8B9B9ED96DD2}.Debug|iPhone.Build.0 = Debug|Any CPU
		{5716C5D2-6551-4EB6-BCC4-8B9B9ED96DD2}.Debug|iPhone.Deploy.0 = Debug|Any CPU
		{5716C5D2-6551-4EB6-BCC4-8B9B9ED96DD2}.Debug|iPhoneSimulator.ActiveCfg = Debug|Any CPU
		{5716C5D2-6551-4EB6-BCC4-8B9B9ED96DD2}.Debug|iPhoneSimulator.Build.0 = Debug|Any CPU
		{5716C5D2-6551-4EB6-BCC4-8B9B9ED96DD2}.Debug|iPhoneSimulator.Deploy.0 = Debug|Any CPU
		{5716C5D2-6551-4EB6-BCC4-8B9B9ED96DD2}.Release|Any CPU.ActiveCfg = Release|Any CPU
		{5716C5D2-6551-4EB6-BCC4-8B9B9ED96DD2}.Release|Any CPU.Build.0 = Release|Any CPU
		{5716C5D2-6551-4EB6-BCC4-8B9B9ED96DD2}.Release|Any CPU.Deploy.0 = Release|Any CPU
		{5716C5D2-6551-4EB6-BCC4-8B9B9ED96DD2}.Release|iPhone.ActiveCfg = Release|Any CPU
		{5716C5D2-6551-4EB6-BCC4-8B9B9ED96DD2}.Release|iPhone.Build.0 = Release|Any CPU
		{5716C5D2-6551-4EB6-BCC4-8B9B9ED96DD2}.Release|iPhone.Deploy.0 = Release|Any CPU
		{5716C5D2-6551-4EB6-BCC4-8B9B9ED96DD2}.Release|iPhoneSimulator.ActiveCfg = Release|Any CPU
		{5716C5D2-6551-4EB6-BCC4-8B9B9ED96DD2}.Release|iPhoneSimulator.Build.0 = Release|Any CPU
		{5716C5D2-6551-4EB6-BCC4-8B9B9ED96DD2}.Release|iPhoneSimulator.Deploy.0 = Release|Any CPU
		{11F192E1-6914-4CCC-90B4-10D40D484C4A}.Debug|Any CPU.ActiveCfg = Debug|iPhone
		{11F192E1-6914-4CCC-90B4-10D40D484C4A}.Debug|Any CPU.Build.0 = Debug|iPhone
		{11F192E1-6914-4CCC-90B4-10D40D484C4A}.Debug|Any CPU.Deploy.0 = Debug|iPhone
		{11F192E1-6914-4CCC-90B4-10D40D484C4A}.Debug|iPhone.ActiveCfg = Debug|iPhone
		{11F192E1-6914-4CCC-90B4-10D40D484C4A}.Debug|iPhone.Build.0 = Debug|iPhone
		{11F192E1-6914-4CCC-90B4-10D40D484C4A}.Debug|iPhone.Deploy.0 = Debug|iPhone
		{11F192E1-6914-4CCC-90B4-10D40D484C4A}.Debug|iPhoneSimulator.ActiveCfg = Debug|iPhoneSimulator
		{11F192E1-6914-4CCC-90B4-10D40D484C4A}.Debug|iPhoneSimulator.Build.0 = Debug|iPhoneSimulator
		{11F192E1-6914-4CCC-90B4-10D40D484C4A}.Debug|iPhoneSimulator.Deploy.0 = Debug|iPhoneSimulator
		{11F192E1-6914-4CCC-90B4-10D40D484C4A}.Release|Any CPU.ActiveCfg = Release|iPhone
		{11F192E1-6914-4CCC-90B4-10D40D484C4A}.Release|Any CPU.Build.0 = Release|iPhone
		{11F192E1-6914-4CCC-90B4-10D40D484C4A}.Release|Any CPU.Deploy.0 = Release|iPhone
		{11F192E1-6914-4CCC-90B4-10D40D484C4A}.Release|iPhone.ActiveCfg = Release|iPhone
		{11F192E1-6914-4CCC-90B4-10D40D484C4A}.Release|iPhone.Build.0 = Release|iPhone
		{11F192E1-6914-4CCC-90B4-10D40D484C4A}.Release|iPhone.Deploy.0 = Release|iPhone
		{11F192E1-6914-4CCC-90B4-10D40D484C4A}.Release|iPhoneSimulator.ActiveCfg = Release|iPhoneSimulator
		{11F192E1-6914-4CCC-90B4-10D40D484C4A}.Release|iPhoneSimulator.Build.0 = Release|iPhoneSimulator
		{11F192E1-6914-4CCC-90B4-10D40D484C4A}.Release|iPhoneSimulator.Deploy.0 = Release|iPhoneSimulator
		{AEE5BF25-16AC-4A49-9C66-E394EE432AB7}.Debug|Any CPU.ActiveCfg = Debug|Any CPU
		{AEE5BF25-16AC-4A49-9C66-E394EE432AB7}.Debug|Any CPU.Build.0 = Debug|Any CPU
		{AEE5BF25-16AC-4A49-9C66-E394EE432AB7}.Debug|Any CPU.Deploy.0 = Debug|Any CPU
		{AEE5BF25-16AC-4A49-9C66-E394EE432AB7}.Debug|iPhone.ActiveCfg = Debug|Any CPU
		{AEE5BF25-16AC-4A49-9C66-E394EE432AB7}.Debug|iPhone.Build.0 = Debug|Any CPU
		{AEE5BF25-16AC-4A49-9C66-E394EE432AB7}.Debug|iPhone.Deploy.0 = Debug|Any CPU
		{AEE5BF25-16AC-4A49-9C66-E394EE432AB7}.Debug|iPhoneSimulator.ActiveCfg = Debug|Any CPU
		{AEE5BF25-16AC-4A49-9C66-E394EE432AB7}.Debug|iPhoneSimulator.Build.0 = Debug|Any CPU
		{AEE5BF25-16AC-4A49-9C66-E394EE432AB7}.Debug|iPhoneSimulator.Deploy.0 = Debug|Any CPU
		{AEE5BF25-16AC-4A49-9C66-E394EE432AB7}.Release|Any CPU.ActiveCfg = Release|Any CPU
		{AEE5BF25-16AC-4A49-9C66-E394EE432AB7}.Release|Any CPU.Build.0 = Release|Any CPU
		{AEE5BF25-16AC-4A49-9C66-E394EE432AB7}.Release|Any CPU.Deploy.0 = Release|Any CPU
		{AEE5BF25-16AC-4A49-9C66-E394EE432AB7}.Release|iPhone.ActiveCfg = Release|Any CPU
		{AEE5BF25-16AC-4A49-9C66-E394EE432AB7}.Release|iPhone.Build.0 = Release|Any CPU
		{AEE5BF25-16AC-4A49-9C66-E394EE432AB7}.Release|iPhone.Deploy.0 = Release|Any CPU
		{AEE5BF25-16AC-4A49-9C66-E394EE432AB7}.Release|iPhoneSimulator.ActiveCfg = Release|Any CPU
		{AEE5BF25-16AC-4A49-9C66-E394EE432AB7}.Release|iPhoneSimulator.Build.0 = Release|Any CPU
		{AEE5BF25-16AC-4A49-9C66-E394EE432AB7}.Release|iPhoneSimulator.Deploy.0 = Release|Any CPU
	EndGlobalSection
	GlobalSection(SolutionProperties) = preSolution
		HideSolutionNode = FALSE
	EndGlobalSection
	GlobalSection(ExtensibilityGlobals) = postSolution
		SolutionGuid = {7C5F5233-9791-4E8C-A2E6-14F798E43779}
	EndGlobalSection
EndGlobal
